
Microsoft Visual Studio Solution File, Format Version 12.00
# Visual Studio Version 17
VisualStudioVersion = 17.6.33712.159
MinimumVisualStudioVersion = 10.0.40219.1
Project("{9A19103F-16F7-4668-BE54-9A1E7A4F7556}") = "Leagueinator_Model", "Leagueinator_Model\Leagueinator_Model.csproj", "{CF28809D-4EF7-421A-9023-A94CFEA1CD0D}"
	ProjectSection(ProjectDependencies) = postProject
		{843B1448-8BFD-48C5-8013-55565631A750} = {843B1448-8BFD-48C5-8013-55565631A750}
	EndProjectSection
EndProject
Project("{9A19103F-16F7-4668-BE54-9A1E7A4F7556}") = "Leagueinator_Utility", "Leagueinator_Utility\Leagueinator_Utility.csproj", "{843B1448-8BFD-48C5-8013-55565631A750}"
EndProject
Project("{9A19103F-16F7-4668-BE54-9A1E7A4F7556}") = "Leagueinator_App", "Leagueinator_App\Leagueinator_App.csproj", "{553E6015-35F0-42B9-8666-59B46C924D39}"
EndProject
Project("{9A19103F-16F7-4668-BE54-9A1E7A4F7556}") = "ModelJSON", "ModelJSON\ModelJSON.csproj", "{47479896-3CAA-419A-9D44-035A9F2F5E58}"
EndProject
Project("{9A19103F-16F7-4668-BE54-9A1E7A4F7556}") = "Printer", "Printer\Printer.csproj", "{80487A98-7BA7-4F7A-99FC-B17F3D41330F}"
EndProject
Project("{9A19103F-16F7-4668-BE54-9A1E7A4F7556}") = "PrinterTestForm", "PrinterTestForm\PrinterTestForm.csproj", "{99F6F2B2-4953-49A6-BA3A-7E985C2108BB}"
	ProjectSection(ProjectDependencies) = postProject
		{4A8ACC41-CB34-43FF-9851-80B2E3C73554} = {4A8ACC41-CB34-43FF-9851-80B2E3C73554}
		{80487A98-7BA7-4F7A-99FC-B17F3D41330F} = {80487A98-7BA7-4F7A-99FC-B17F3D41330F}
	EndProjectSection
EndProject
Project("{9A19103F-16F7-4668-BE54-9A1E7A4F7556}") = "ConsoleApp1", "ConsoleApp1\ConsoleApp1.csproj", "{EFFCD72F-89A5-4A46-8D21-9C3BA1C38D35}"
EndProject
Project("{9A19103F-16F7-4668-BE54-9A1E7A4F7556}") = "CSSParser", "CSSParser\CSSParser.csproj", "{4A8ACC41-CB34-43FF-9851-80B2E3C73554}"
EndProject
Global
	GlobalSection(SolutionConfigurationPlatforms) = preSolution
		Debug|Any CPU = Debug|Any CPU
		Release|Any CPU = Release|Any CPU
	EndGlobalSection
	GlobalSection(ProjectConfigurationPlatforms) = postSolution
		{CF28809D-4EF7-421A-9023-A94CFEA1CD0D}.Debug|Any CPU.ActiveCfg = Debug|Any CPU
		{CF28809D-4EF7-421A-9023-A94CFEA1CD0D}.Debug|Any CPU.Build.0 = Debug|Any CPU
		{CF28809D-4EF7-421A-9023-A94CFEA1CD0D}.Release|Any CPU.ActiveCfg = Release|Any CPU
		{CF28809D-4EF7-421A-9023-A94CFEA1CD0D}.Release|Any CPU.Build.0 = Release|Any CPU
		{843B1448-8BFD-48C5-8013-55565631A750}.Debug|Any CPU.ActiveCfg = Debug|Any CPU
		{843B1448-8BFD-48C5-8013-55565631A750}.Debug|Any CPU.Build.0 = Debug|Any CPU
		{843B1448-8BFD-48C5-8013-55565631A750}.Release|Any CPU.ActiveCfg = Release|Any CPU
		{843B1448-8BFD-48C5-8013-55565631A750}.Release|Any CPU.Build.0 = Release|Any CPU
		{553E6015-35F0-42B9-8666-59B46C924D39}.Debug|Any CPU.ActiveCfg = Debug|Any CPU
		{553E6015-35F0-42B9-8666-59B46C924D39}.Debug|Any CPU.Build.0 = Debug|Any CPU
		{553E6015-35F0-42B9-8666-59B46C924D39}.Release|Any CPU.ActiveCfg = Release|Any CPU
		{553E6015-35F0-42B9-8666-59B46C924D39}.Release|Any CPU.Build.0 = Release|Any CPU
		{47479896-3CAA-419A-9D44-035A9F2F5E58}.Debug|Any CPU.ActiveCfg = Debug|Any CPU
		{47479896-3CAA-419A-9D44-035A9F2F5E58}.Debug|Any CPU.Build.0 = Debug|Any CPU
		{47479896-3CAA-419A-9D44-035A9F2F5E58}.Release|Any CPU.ActiveCfg = Release|Any CPU
		{47479896-3CAA-419A-9D44-035A9F2F5E58}.Release|Any CPU.Build.0 = Release|Any CPU
		{80487A98-7BA7-4F7A-99FC-B17F3D41330F}.Debug|Any CPU.ActiveCfg = Debug|Any CPU
		{80487A98-7BA7-4F7A-99FC-B17F3D41330F}.Debug|Any CPU.Build.0 = Debug|Any CPU
		{80487A98-7BA7-4F7A-99FC-B17F3D41330F}.Release|Any CPU.ActiveCfg = Release|Any CPU
		{80487A98-7BA7-4F7A-99FC-B17F3D41330F}.Release|Any CPU.Build.0 = Release|Any CPU
		{99F6F2B2-4953-49A6-BA3A-7E985C2108BB}.Debug|Any CPU.ActiveCfg = Debug|Any CPU
		{99F6F2B2-4953-49A6-BA3A-7E985C2108BB}.Debug|Any CPU.Build.0 = Debug|Any CPU
		{99F6F2B2-4953-49A6-BA3A-7E985C2108BB}.Release|Any CPU.ActiveCfg = Release|Any CPU
		{99F6F2B2-4953-49A6-BA3A-7E985C2108BB}.Release|Any CPU.Build.0 = Release|Any CPU
		{EFFCD72F-89A5-4A46-8D21-9C3BA1C38D35}.Debug|Any CPU.ActiveCfg = Debug|Any CPU
		{EFFCD72F-89A5-4A46-8D21-9C3BA1C38D35}.Debug|Any CPU.Build.0 = Debug|Any CPU
		{EFFCD72F-89A5-4A46-8D21-9C3BA1C38D35}.Release|Any CPU.ActiveCfg = Release|Any CPU
		{EFFCD72F-89A5-4A46-8D21-9C3BA1C38D35}.Release|Any CPU.Build.0 = Release|Any CPU
		{4A8ACC41-CB34-43FF-9851-80B2E3C73554}.Debug|Any CPU.ActiveCfg = Debug|Any CPU
		{4A8ACC41-CB34-43FF-9851-80B2E3C73554}.Debug|Any CPU.Build.0 = Debug|Any CPU
		{4A8ACC41-CB34-43FF-9851-80B2E3C73554}.Release|Any CPU.ActiveCfg = Release|Any CPU
		{4A8ACC41-CB34-43FF-9851-80B2E3C73554}.Release|Any CPU.Build.0 = Release|Any CPU
	EndGlobalSection
	GlobalSection(SolutionProperties) = preSolution
		HideSolutionNode = FALSE
	EndGlobalSection
	GlobalSection(ExtensibilityGlobals) = postSolution
		SolutionGuid = {760B2261-70D5-455B-BEBB-11D489F88A6D}
	EndGlobalSection
EndGlobal
