
Microsoft Visual Studio Solution File, Format Version 12.00
# Visual Studio Version 17
VisualStudioVersion = 17.6.33712.159
MinimumVisualStudioVersion = 10.0.40219.1
Project("{9A19103F-16F7-4668-BE54-9A1E7A4F7556}") = "Leagueinator_Utility", "Leagueinator_Utility\Leagueinator_Utility.csproj", "{843B1448-8BFD-48C5-8013-55565631A750}"
EndProject
Project("{9A19103F-16F7-4668-BE54-9A1E7A4F7556}") = "Printer", "Printer\Printer.csproj", "{80487A98-7BA7-4F7A-99FC-B17F3D41330F}"
EndProject
Project("{9A19103F-16F7-4668-BE54-9A1E7A4F7556}") = "PrinterLayoutDesigner", "PrinterTestForm\PrinterLayoutDesigner.csproj", "{99F6F2B2-4953-49A6-BA3A-7E985C2108BB}"
	ProjectSection(ProjectDependencies) = postProject
		{80487A98-7BA7-4F7A-99FC-B17F3D41330F} = {80487A98-7BA7-4F7A-99FC-B17F3D41330F}
	EndProjectSection
EndProject
Project("{9A19103F-16F7-4668-BE54-9A1E7A4F7556}") = "Model", "Model\Model.csproj", "{6240048D-BFBC-41A7-84DD-0329D064DE74}"
EndProject
Project("{9A19103F-16F7-4668-BE54-9A1E7A4F7556}") = "Test_Model", "Model_Test\Test_Model.csproj", "{7AFA2A9E-1CEC-46CD-BD24-61EE606942E4}"
EndProject
Project("{9A19103F-16F7-4668-BE54-9A1E7A4F7556}") = "MainApplication", "Application\MainApplication.csproj", "{9CA85741-E6B9-4852-A9B1-7D19D0DECD80}"
	ProjectSection(ProjectDependencies) = postProject
		{6240048D-BFBC-41A7-84DD-0329D064DE74} = {6240048D-BFBC-41A7-84DD-0329D064DE74}
	EndProjectSection
EndProject
Project("{9A19103F-16F7-4668-BE54-9A1E7A4F7556}") = "ModelConsole", "ModelConsole\ModelConsole.csproj", "{A10E04FF-2CBE-4576-8504-4CF95B97964F}"
EndProject
Project("{9A19103F-16F7-4668-BE54-9A1E7A4F7556}") = "Test_Style", "Test_Style\Test_Style.csproj", "{5CD0D0D5-EB64-44AC-9A10-D27B60C05BBE}"
	ProjectSection(ProjectDependencies) = postProject
		{80487A98-7BA7-4F7A-99FC-B17F3D41330F} = {80487A98-7BA7-4F7A-99FC-B17F3D41330F}
	EndProjectSection
EndProject
Global
	GlobalSection(SolutionConfigurationPlatforms) = preSolution
		Debug|Any CPU = Debug|Any CPU
		Release|Any CPU = Release|Any CPU
	EndGlobalSection
	GlobalSection(ProjectConfigurationPlatforms) = postSolution
		{843B1448-8BFD-48C5-8013-55565631A750}.Debug|Any CPU.ActiveCfg = Debug|Any CPU
		{843B1448-8BFD-48C5-8013-55565631A750}.Debug|Any CPU.Build.0 = Debug|Any CPU
		{843B1448-8BFD-48C5-8013-55565631A750}.Release|Any CPU.ActiveCfg = Release|Any CPU
		{843B1448-8BFD-48C5-8013-55565631A750}.Release|Any CPU.Build.0 = Release|Any CPU
		{80487A98-7BA7-4F7A-99FC-B17F3D41330F}.Debug|Any CPU.ActiveCfg = Debug|Any CPU
		{80487A98-7BA7-4F7A-99FC-B17F3D41330F}.Debug|Any CPU.Build.0 = Debug|Any CPU
		{80487A98-7BA7-4F7A-99FC-B17F3D41330F}.Release|Any CPU.ActiveCfg = Release|Any CPU
		{80487A98-7BA7-4F7A-99FC-B17F3D41330F}.Release|Any CPU.Build.0 = Release|Any CPU
		{99F6F2B2-4953-49A6-BA3A-7E985C2108BB}.Debug|Any CPU.ActiveCfg = Debug|Any CPU
		{99F6F2B2-4953-49A6-BA3A-7E985C2108BB}.Debug|Any CPU.Build.0 = Debug|Any CPU
		{99F6F2B2-4953-49A6-BA3A-7E985C2108BB}.Release|Any CPU.ActiveCfg = Release|Any CPU
		{99F6F2B2-4953-49A6-BA3A-7E985C2108BB}.Release|Any CPU.Build.0 = Release|Any CPU
		{6240048D-BFBC-41A7-84DD-0329D064DE74}.Debug|Any CPU.ActiveCfg = Debug|Any CPU
		{6240048D-BFBC-41A7-84DD-0329D064DE74}.Debug|Any CPU.Build.0 = Debug|Any CPU
		{6240048D-BFBC-41A7-84DD-0329D064DE74}.Release|Any CPU.ActiveCfg = Release|Any CPU
		{6240048D-BFBC-41A7-84DD-0329D064DE74}.Release|Any CPU.Build.0 = Release|Any CPU
		{7AFA2A9E-1CEC-46CD-BD24-61EE606942E4}.Debug|Any CPU.ActiveCfg = Debug|Any CPU
		{7AFA2A9E-1CEC-46CD-BD24-61EE606942E4}.Debug|Any CPU.Build.0 = Debug|Any CPU
		{7AFA2A9E-1CEC-46CD-BD24-61EE606942E4}.Release|Any CPU.ActiveCfg = Release|Any CPU
		{7AFA2A9E-1CEC-46CD-BD24-61EE606942E4}.Release|Any CPU.Build.0 = Release|Any CPU
		{9CA85741-E6B9-4852-A9B1-7D19D0DECD80}.Debug|Any CPU.ActiveCfg = Debug|Any CPU
		{9CA85741-E6B9-4852-A9B1-7D19D0DECD80}.Debug|Any CPU.Build.0 = Debug|Any CPU
		{9CA85741-E6B9-4852-A9B1-7D19D0DECD80}.Release|Any CPU.ActiveCfg = Release|Any CPU
		{9CA85741-E6B9-4852-A9B1-7D19D0DECD80}.Release|Any CPU.Build.0 = Release|Any CPU
		{A10E04FF-2CBE-4576-8504-4CF95B97964F}.Debug|Any CPU.ActiveCfg = Debug|Any CPU
		{A10E04FF-2CBE-4576-8504-4CF95B97964F}.Debug|Any CPU.Build.0 = Debug|Any CPU
		{A10E04FF-2CBE-4576-8504-4CF95B97964F}.Release|Any CPU.ActiveCfg = Release|Any CPU
		{A10E04FF-2CBE-4576-8504-4CF95B97964F}.Release|Any CPU.Build.0 = Release|Any CPU
		{5CD0D0D5-EB64-44AC-9A10-D27B60C05BBE}.Debug|Any CPU.ActiveCfg = Debug|Any CPU
		{5CD0D0D5-EB64-44AC-9A10-D27B60C05BBE}.Debug|Any CPU.Build.0 = Debug|Any CPU
		{5CD0D0D5-EB64-44AC-9A10-D27B60C05BBE}.Release|Any CPU.ActiveCfg = Release|Any CPU
		{5CD0D0D5-EB64-44AC-9A10-D27B60C05BBE}.Release|Any CPU.Build.0 = Release|Any CPU
	EndGlobalSection
	GlobalSection(SolutionProperties) = preSolution
		HideSolutionNode = FALSE
	EndGlobalSection
	GlobalSection(ExtensibilityGlobals) = postSolution
		SolutionGuid = {760B2261-70D5-455B-BEBB-11D489F88A6D}
	EndGlobalSection
EndGlobal
